// !$*UTF8*$!
{
	archiveVersion = 1;
	classes = {
	};
	objectVersion = 50;
	objects = {

/* Begin PBXBuildFile section */
		045239BA27694C18000B8C63 /* SettingsMenuView.swift in Sources */ = {isa = PBXBuildFile; fileRef = 045239B927694C18000B8C63 /* SettingsMenuView.swift */; };
		045239BC276956EC000B8C63 /* SettingsViewCell.swift in Sources */ = {isa = PBXBuildFile; fileRef = 045239BB276956EC000B8C63 /* SettingsViewCell.swift */; };
		045239C3276F2DA0000B8C63 /* CheckUpInfoCell.swift in Sources */ = {isa = PBXBuildFile; fileRef = 045239C2276F2DA0000B8C63 /* CheckUpInfoCell.swift */; };
		045239C5276F3131000B8C63 /* CheckUpInfoView.swift in Sources */ = {isa = PBXBuildFile; fileRef = 045239C4276F3131000B8C63 /* CheckUpInfoView.swift */; };
		045239C7276F333A000B8C63 /* CheckUpInfoViewController.swift in Sources */ = {isa = PBXBuildFile; fileRef = 045239C6276F333A000B8C63 /* CheckUpInfoViewController.swift */; };
		0474D4E62762248400C0A1B3 /* DummyCell.swift in Sources */ = {isa = PBXBuildFile; fileRef = 0474D4E42762248400C0A1B3 /* DummyCell.swift */; };
		0474D4E72762248400C0A1B3 /* DummyCell.xib in Resources */ = {isa = PBXBuildFile; fileRef = 0474D4E52762248400C0A1B3 /* DummyCell.xib */; };
		0474D4EA276257A800C0A1B3 /* AllCheckUpsViewController.swift in Sources */ = {isa = PBXBuildFile; fileRef = 0474D4E9276257A800C0A1B3 /* AllCheckUpsViewController.swift */; };
		0474D4EC27625ADD00C0A1B3 /* CheckUpCell.swift in Sources */ = {isa = PBXBuildFile; fileRef = 0474D4EB27625ADD00C0A1B3 /* CheckUpCell.swift */; };
		0474D4EE27625B1D00C0A1B3 /* CheckUpCell.xib in Resources */ = {isa = PBXBuildFile; fileRef = 0474D4ED27625B1D00C0A1B3 /* CheckUpCell.xib */; };
		04F0388F273C373B00E90CBC /* AppDelegate.swift in Sources */ = {isa = PBXBuildFile; fileRef = 04F0388E273C373B00E90CBC /* AppDelegate.swift */; };
		04F03891273C373B00E90CBC /* SceneDelegate.swift in Sources */ = {isa = PBXBuildFile; fileRef = 04F03890273C373B00E90CBC /* SceneDelegate.swift */; };
		04F03896273C373B00E90CBC /* Main.storyboard in Resources */ = {isa = PBXBuildFile; fileRef = 04F03894273C373B00E90CBC /* Main.storyboard */; };
		04F03898273C373E00E90CBC /* Assets.xcassets in Resources */ = {isa = PBXBuildFile; fileRef = 04F03897273C373E00E90CBC /* Assets.xcassets */; };
		04F0389B273C373E00E90CBC /* LaunchScreen.storyboard in Resources */ = {isa = PBXBuildFile; fileRef = 04F03899273C373E00E90CBC /* LaunchScreen.storyboard */; };
		451AC8EF276286E4007D664D /* PersonDoctorUIView.swift in Sources */ = {isa = PBXBuildFile; fileRef = 451AC8EE276286E4007D664D /* PersonDoctorUIView.swift */; };
		451AC8F0276286E4007D664D /* PersonDoctorTableViewCell.swift in Sources */ = {isa = PBXBuildFile; fileRef = 451AC8ED276286E4007D664D /* PersonDoctorTableViewCell.swift */; };
		451AC8F1276286E4007D664D /* PersonDoctorUIViewController.swift in Sources */ = {isa = PBXBuildFile; fileRef = 451AC8EC276286E4007D664D /* PersonDoctorUIViewController.swift */; };
		451AC8F5276286EB007D664D /* ChooseDoctorTypeViewController.swift in Sources */ = {isa = PBXBuildFile; fileRef = 451AC8F2276286EB007D664D /* ChooseDoctorTypeViewController.swift */; };
		451AC8F6276286EB007D664D /* DoctorTypeTableViewCell.swift in Sources */ = {isa = PBXBuildFile; fileRef = 451AC8F3276286EB007D664D /* DoctorTypeTableViewCell.swift */; };
		451AC8F7276286EB007D664D /* DoctorTypeView.swift in Sources */ = {isa = PBXBuildFile; fileRef = 451AC8F4276286EB007D664D /* DoctorTypeView.swift */; };
		451AC8FA276286F1007D664D /* MainMenuViewController.swift in Sources */ = {isa = PBXBuildFile; fileRef = 451AC8F9276286F1007D664D /* MainMenuViewController.swift */; };
		451AC8FB276286F1007D664D /* DoctorTimeCollectionViewController.swift in Sources */ = {isa = PBXBuildFile; fileRef = 451AC8F8276286F0007D664D /* DoctorTimeCollectionViewController.swift */; };
		451AC8FD276286F5007D664D /* SettingnsViewController.swift in Sources */ = {isa = PBXBuildFile; fileRef = 451AC8FC276286F5007D664D /* SettingnsViewController.swift */; };
		451AC8FF27628B68007D664D /* FirstCheckUpViewController.swift in Sources */ = {isa = PBXBuildFile; fileRef = 451AC8FE27628B68007D664D /* FirstCheckUpViewController.swift */; };
		454851342767AFD20034AE9B /* MainMenuTableViewCell.swift in Sources */ = {isa = PBXBuildFile; fileRef = 454851332767AFD20034AE9B /* MainMenuTableViewCell.swift */; };
		454A7E26276284D5001440D8 /* InitViewController.swift in Sources */ = {isa = PBXBuildFile; fileRef = 454A7E25276284D5001440D8 /* InitViewController.swift */; };
		454A7E2827628553001440D8 /* TabBarController.swift in Sources */ = {isa = PBXBuildFile; fileRef = 454A7E2727628553001440D8 /* TabBarController.swift */; };
		45DFC5D3276629C10073E191 /* MainMenuView.swift in Sources */ = {isa = PBXBuildFile; fileRef = 45DFC5D2276629C10073E191 /* MainMenuView.swift */; };
		45DFC5D527676E530073E191 /* DoctorInfo2ViewController.swift in Sources */ = {isa = PBXBuildFile; fileRef = 45DFC5D427676E530073E191 /* DoctorInfo2ViewController.swift */; };
/* End PBXBuildFile section */

/* Begin PBXFileReference section */
		045239B927694C18000B8C63 /* SettingsMenuView.swift */ = {isa = PBXFileReference; lastKnownFileType = sourcecode.swift; path = SettingsMenuView.swift; sourceTree = "<group>"; };
		045239BB276956EC000B8C63 /* SettingsViewCell.swift */ = {isa = PBXFileReference; lastKnownFileType = sourcecode.swift; path = SettingsViewCell.swift; sourceTree = "<group>"; };
		045239C2276F2DA0000B8C63 /* CheckUpInfoCell.swift */ = {isa = PBXFileReference; lastKnownFileType = sourcecode.swift; path = CheckUpInfoCell.swift; sourceTree = "<group>"; };
		045239C4276F3131000B8C63 /* CheckUpInfoView.swift */ = {isa = PBXFileReference; lastKnownFileType = sourcecode.swift; path = CheckUpInfoView.swift; sourceTree = "<group>"; };
		045239C6276F333A000B8C63 /* CheckUpInfoViewController.swift */ = {isa = PBXFileReference; lastKnownFileType = sourcecode.swift; path = CheckUpInfoViewController.swift; sourceTree = "<group>"; };
		045239CB276F3572000B8C63 /* model.json */ = {isa = PBXFileReference; explicitFileType = text.json; path = model.json; sourceTree = "<group>"; };
		0474D4E42762248400C0A1B3 /* DummyCell.swift */ = {isa = PBXFileReference; fileEncoding = 4; lastKnownFileType = sourcecode.swift; path = DummyCell.swift; sourceTree = "<group>"; };
		0474D4E52762248400C0A1B3 /* DummyCell.xib */ = {isa = PBXFileReference; fileEncoding = 4; lastKnownFileType = file.xib; path = DummyCell.xib; sourceTree = "<group>"; };
		0474D4E9276257A800C0A1B3 /* AllCheckUpsViewController.swift */ = {isa = PBXFileReference; lastKnownFileType = sourcecode.swift; path = AllCheckUpsViewController.swift; sourceTree = "<group>"; };
		0474D4EB27625ADD00C0A1B3 /* CheckUpCell.swift */ = {isa = PBXFileReference; lastKnownFileType = sourcecode.swift; path = CheckUpCell.swift; sourceTree = "<group>"; };
		0474D4ED27625B1D00C0A1B3 /* CheckUpCell.xib */ = {isa = PBXFileReference; lastKnownFileType = file.xib; path = CheckUpCell.xib; sourceTree = "<group>"; };
		04F0388B273C373B00E90CBC /* Ornament.app */ = {isa = PBXFileReference; explicitFileType = wrapper.application; includeInIndex = 0; path = Ornament.app; sourceTree = BUILT_PRODUCTS_DIR; };
		04F0388E273C373B00E90CBC /* AppDelegate.swift */ = {isa = PBXFileReference; lastKnownFileType = sourcecode.swift; path = AppDelegate.swift; sourceTree = "<group>"; };
		04F03890273C373B00E90CBC /* SceneDelegate.swift */ = {isa = PBXFileReference; lastKnownFileType = sourcecode.swift; path = SceneDelegate.swift; sourceTree = "<group>"; };
		04F03895273C373B00E90CBC /* Base */ = {isa = PBXFileReference; lastKnownFileType = file.storyboard; name = Base; path = Base.lproj/Main.storyboard; sourceTree = "<group>"; };
		04F03897273C373E00E90CBC /* Assets.xcassets */ = {isa = PBXFileReference; lastKnownFileType = folder.assetcatalog; path = Assets.xcassets; sourceTree = "<group>"; };
		04F0389A273C373E00E90CBC /* Base */ = {isa = PBXFileReference; lastKnownFileType = file.storyboard; name = Base; path = Base.lproj/LaunchScreen.storyboard; sourceTree = "<group>"; };
		04F0389C273C373E00E90CBC /* Info.plist */ = {isa = PBXFileReference; lastKnownFileType = text.plist.xml; path = Info.plist; sourceTree = "<group>"; };
		451AC8EC276286E4007D664D /* PersonDoctorUIViewController.swift */ = {isa = PBXFileReference; lastKnownFileType = sourcecode.swift; path = PersonDoctorUIViewController.swift; sourceTree = "<group>"; };
		451AC8ED276286E4007D664D /* PersonDoctorTableViewCell.swift */ = {isa = PBXFileReference; lastKnownFileType = sourcecode.swift; path = PersonDoctorTableViewCell.swift; sourceTree = "<group>"; };
		451AC8EE276286E4007D664D /* PersonDoctorUIView.swift */ = {isa = PBXFileReference; lastKnownFileType = sourcecode.swift; path = PersonDoctorUIView.swift; sourceTree = "<group>"; };
		451AC8F2276286EB007D664D /* ChooseDoctorTypeViewController.swift */ = {isa = PBXFileReference; lastKnownFileType = sourcecode.swift; path = ChooseDoctorTypeViewController.swift; sourceTree = "<group>"; };
		451AC8F3276286EB007D664D /* DoctorTypeTableViewCell.swift */ = {isa = PBXFileReference; lastKnownFileType = sourcecode.swift; path = DoctorTypeTableViewCell.swift; sourceTree = "<group>"; };
		451AC8F4276286EB007D664D /* DoctorTypeView.swift */ = {isa = PBXFileReference; lastKnownFileType = sourcecode.swift; path = DoctorTypeView.swift; sourceTree = "<group>"; };
		451AC8F8276286F0007D664D /* DoctorTimeCollectionViewController.swift */ = {isa = PBXFileReference; lastKnownFileType = sourcecode.swift; path = DoctorTimeCollectionViewController.swift; sourceTree = "<group>"; };
		451AC8F9276286F1007D664D /* MainMenuViewController.swift */ = {isa = PBXFileReference; lastKnownFileType = sourcecode.swift; path = MainMenuViewController.swift; sourceTree = "<group>"; };
		451AC8FC276286F5007D664D /* SettingnsViewController.swift */ = {isa = PBXFileReference; lastKnownFileType = sourcecode.swift; path = SettingnsViewController.swift; sourceTree = "<group>"; };
		451AC8FE27628B68007D664D /* FirstCheckUpViewController.swift */ = {isa = PBXFileReference; lastKnownFileType = sourcecode.swift; path = FirstCheckUpViewController.swift; sourceTree = "<group>"; };
		454851332767AFD20034AE9B /* MainMenuTableViewCell.swift */ = {isa = PBXFileReference; lastKnownFileType = sourcecode.swift; path = MainMenuTableViewCell.swift; sourceTree = "<group>"; };
		454A7E25276284D5001440D8 /* InitViewController.swift */ = {isa = PBXFileReference; lastKnownFileType = sourcecode.swift; path = InitViewController.swift; sourceTree = "<group>"; };
		454A7E2727628553001440D8 /* TabBarController.swift */ = {isa = PBXFileReference; lastKnownFileType = sourcecode.swift; path = TabBarController.swift; sourceTree = "<group>"; };
		45DFC5D2276629C10073E191 /* MainMenuView.swift */ = {isa = PBXFileReference; lastKnownFileType = sourcecode.swift; path = MainMenuView.swift; sourceTree = "<group>"; };
		45DFC5D427676E530073E191 /* DoctorInfo2ViewController.swift */ = {isa = PBXFileReference; lastKnownFileType = sourcecode.swift; path = DoctorInfo2ViewController.swift; sourceTree = "<group>"; };
/* End PBXFileReference section */

/* Begin PBXFrameworksBuildPhase section */
		04F03888273C373B00E90CBC /* Frameworks */ = {
			isa = PBXFrameworksBuildPhase;
			buildActionMask = 2147483647;
			files = (
			);
			runOnlyForDeploymentPostprocessing = 0;
		};
/* End PBXFrameworksBuildPhase section */

/* Begin PBXGroup section */
		045239B827694BA0000B8C63 /* SettingsMenu */ = {
			isa = PBXGroup;
			children = (
				451AC8FC276286F5007D664D /* SettingnsViewController.swift */,
				045239B927694C18000B8C63 /* SettingsMenuView.swift */,
				045239BB276956EC000B8C63 /* SettingsViewCell.swift */,
			);
			path = SettingsMenu;
			sourceTree = "<group>";
		};
		045239C1276F2D43000B8C63 /* CheckUpInfo */ = {
			isa = PBXGroup;
			children = (
				045239C2276F2DA0000B8C63 /* CheckUpInfoCell.swift */,
				045239C4276F3131000B8C63 /* CheckUpInfoView.swift */,
				045239C6276F333A000B8C63 /* CheckUpInfoViewController.swift */,
			);
			path = CheckUpInfo;
			sourceTree = "<group>";
		};
		0474D4E32762246800C0A1B3 /* CellCheckUp */ = {
			isa = PBXGroup;
			children = (
				0474D4E42762248400C0A1B3 /* DummyCell.swift */,
				0474D4E52762248400C0A1B3 /* DummyCell.xib */,
				0474D4EB27625ADD00C0A1B3 /* CheckUpCell.swift */,
				0474D4ED27625B1D00C0A1B3 /* CheckUpCell.xib */,
			);
			path = CellCheckUp;
			sourceTree = "<group>";
		};
		0474D4E8276256CD00C0A1B3 /* CheckUpViewControllers */ = {
			isa = PBXGroup;
			children = (
				451AC8FE27628B68007D664D /* FirstCheckUpViewController.swift */,
				0474D4E9276257A800C0A1B3 /* AllCheckUpsViewController.swift */,
			);
			path = CheckUpViewControllers;
			sourceTree = "<group>";
		};
		04F03882273C373B00E90CBC = {
			isa = PBXGroup;
			children = (
				04F0388D273C373B00E90CBC /* Ornament */,
				04F0388C273C373B00E90CBC /* Products */,
			);
			sourceTree = "<group>";
		};
		04F0388C273C373B00E90CBC /* Products */ = {
			isa = PBXGroup;
			children = (
				04F0388B273C373B00E90CBC /* Ornament.app */,
			);
			name = Products;
			sourceTree = "<group>";
		};
		04F0388D273C373B00E90CBC /* Ornament */ = {
			isa = PBXGroup;
			children = (
				045239C1276F2D43000B8C63 /* CheckUpInfo */,
				045239B827694BA0000B8C63 /* SettingsMenu */,
				454851322767AF870034AE9B /* MainMenu */,
				452598BD2765FA4E00FB1450 /* DoctorInfoViewContorller */,
				452598BC2765FA1000FB1450 /* DoctorTypeList */,
				452598BB2765F9E400FB1450 /* DoctorPersonList */,
				0474D4E8276256CD00C0A1B3 /* CheckUpViewControllers */,
				0474D4E32762246800C0A1B3 /* CellCheckUp */,
				452598BE2765FA7700FB1450 /* GeneralViewControllers */,
				04F0388E273C373B00E90CBC /* AppDelegate.swift */,
				04F03890273C373B00E90CBC /* SceneDelegate.swift */,
				04F03894273C373B00E90CBC /* Main.storyboard */,
				04F03897273C373E00E90CBC /* Assets.xcassets */,
				04F03899273C373E00E90CBC /* LaunchScreen.storyboard */,
				04F0389C273C373E00E90CBC /* Info.plist */,
				045239CB276F3572000B8C63 /* model.json */,
			);
			path = Ornament;
			sourceTree = "<group>";
		};
		452598BB2765F9E400FB1450 /* DoctorPersonList */ = {
			isa = PBXGroup;
			children = (
				451AC8ED276286E4007D664D /* PersonDoctorTableViewCell.swift */,
				451AC8EE276286E4007D664D /* PersonDoctorUIView.swift */,
				451AC8EC276286E4007D664D /* PersonDoctorUIViewController.swift */,
			);
			path = DoctorPersonList;
			sourceTree = "<group>";
		};
		452598BC2765FA1000FB1450 /* DoctorTypeList */ = {
			isa = PBXGroup;
			children = (
				451AC8F2276286EB007D664D /* ChooseDoctorTypeViewController.swift */,
				451AC8F3276286EB007D664D /* DoctorTypeTableViewCell.swift */,
				451AC8F4276286EB007D664D /* DoctorTypeView.swift */,
			);
			path = DoctorTypeList;
			sourceTree = "<group>";
		};
		452598BD2765FA4E00FB1450 /* DoctorInfoViewContorller */ = {
			isa = PBXGroup;
			children = (
				451AC8F8276286F0007D664D /* DoctorTimeCollectionViewController.swift */,
				45DFC5D427676E530073E191 /* DoctorInfo2ViewController.swift */,
			);
			path = DoctorInfoViewContorller;
			sourceTree = "<group>";
		};
		452598BE2765FA7700FB1450 /* GeneralViewControllers */ = {
			isa = PBXGroup;
			children = (
				454A7E25276284D5001440D8 /* InitViewController.swift */,
				454A7E2727628553001440D8 /* TabBarController.swift */,
			);
			path = GeneralViewControllers;
			sourceTree = "<group>";
		};
		454851322767AF870034AE9B /* MainMenu */ = {
			isa = PBXGroup;
			children = (
				451AC8F9276286F1007D664D /* MainMenuViewController.swift */,
				45DFC5D2276629C10073E191 /* MainMenuView.swift */,
				454851332767AFD20034AE9B /* MainMenuTableViewCell.swift */,
			);
			path = MainMenu;
			sourceTree = "<group>";
		};
/* End PBXGroup section */

/* Begin PBXNativeTarget section */
		04F0388A273C373B00E90CBC /* Ornament */ = {
			isa = PBXNativeTarget;
			buildConfigurationList = 04F0389F273C373E00E90CBC /* Build configuration list for PBXNativeTarget "Ornament" */;
			buildPhases = (
				04F03887273C373B00E90CBC /* Sources */,
				04F03888273C373B00E90CBC /* Frameworks */,
				04F03889273C373B00E90CBC /* Resources */,
			);
			buildRules = (
			);
			dependencies = (
			);
			name = Ornament;
			productName = Ornament;
			productReference = 04F0388B273C373B00E90CBC /* Ornament.app */;
			productType = "com.apple.product-type.application";
		};
/* End PBXNativeTarget section */

/* Begin PBXProject section */
		04F03883273C373B00E90CBC /* Project object */ = {
			isa = PBXProject;
			attributes = {
				LastSwiftUpdateCheck = 1250;
				LastUpgradeCheck = 1250;
				TargetAttributes = {
					04F0388A273C373B00E90CBC = {
						CreatedOnToolsVersion = 12.5.1;
					};
				};
			};
			buildConfigurationList = 04F03886273C373B00E90CBC /* Build configuration list for PBXProject "Ornament" */;
			compatibilityVersion = "Xcode 9.3";
			developmentRegion = en;
			hasScannedForEncodings = 0;
			knownRegions = (
				en,
				Base,
			);
			mainGroup = 04F03882273C373B00E90CBC;
			productRefGroup = 04F0388C273C373B00E90CBC /* Products */;
			projectDirPath = "";
			projectRoot = "";
			targets = (
				04F0388A273C373B00E90CBC /* Ornament */,
			);
		};
/* End PBXProject section */

/* Begin PBXResourcesBuildPhase section */
		04F03889273C373B00E90CBC /* Resources */ = {
			isa = PBXResourcesBuildPhase;
			buildActionMask = 2147483647;
			files = (
				04F0389B273C373E00E90CBC /* LaunchScreen.storyboard in Resources */,
				04F03898273C373E00E90CBC /* Assets.xcassets in Resources */,
				0474D4E72762248400C0A1B3 /* DummyCell.xib in Resources */,
				0474D4EE27625B1D00C0A1B3 /* CheckUpCell.xib in Resources */,
				04F03896273C373B00E90CBC /* Main.storyboard in Resources */,
			);
			runOnlyForDeploymentPostprocessing = 0;
		};
/* End PBXResourcesBuildPhase section */

/* Begin PBXSourcesBuildPhase section */
		04F03887273C373B00E90CBC /* Sources */ = {
			isa = PBXSourcesBuildPhase;
			buildActionMask = 2147483647;
			files = (
				451AC8EF276286E4007D664D /* PersonDoctorUIView.swift in Sources */,
				0474D4EA276257A800C0A1B3 /* AllCheckUpsViewController.swift in Sources */,
				451AC8F1276286E4007D664D /* PersonDoctorUIViewController.swift in Sources */,
				454A7E2827628553001440D8 /* TabBarController.swift in Sources */,
				451AC8F0276286E4007D664D /* PersonDoctorTableViewCell.swift in Sources */,
				0474D4E62762248400C0A1B3 /* DummyCell.swift in Sources */,
				045239BA27694C18000B8C63 /* SettingsMenuView.swift in Sources */,
				0474D4EC27625ADD00C0A1B3 /* CheckUpCell.swift in Sources */,
				451AC8FA276286F1007D664D /* MainMenuViewController.swift in Sources */,
				451AC8FB276286F1007D664D /* DoctorTimeCollectionViewController.swift in Sources */,
				045239C3276F2DA0000B8C63 /* CheckUpInfoCell.swift in Sources */,
				451AC8F6276286EB007D664D /* DoctorTypeTableViewCell.swift in Sources */,
				45DFC5D3276629C10073E191 /* MainMenuView.swift in Sources */,
				04F0388F273C373B00E90CBC /* AppDelegate.swift in Sources */,
				045239C7276F333A000B8C63 /* CheckUpInfoViewController.swift in Sources */,
				454851342767AFD20034AE9B /* MainMenuTableViewCell.swift in Sources */,
				451AC8F5276286EB007D664D /* ChooseDoctorTypeViewController.swift in Sources */,
				451AC8FF27628B68007D664D /* FirstCheckUpViewController.swift in Sources */,
				45DFC5D527676E530073E191 /* DoctorInfo2ViewController.swift in Sources */,
				045239C5276F3131000B8C63 /* CheckUpInfoView.swift in Sources */,
				045239BC276956EC000B8C63 /* SettingsViewCell.swift in Sources */,
				454A7E26276284D5001440D8 /* InitViewController.swift in Sources */,
				451AC8F7276286EB007D664D /* DoctorTypeView.swift in Sources */,
				04F03891273C373B00E90CBC /* SceneDelegate.swift in Sources */,
				451AC8FD276286F5007D664D /* SettingnsViewController.swift in Sources */,
			);
			runOnlyForDeploymentPostprocessing = 0;
		};
/* End PBXSourcesBuildPhase section */

/* Begin PBXVariantGroup section */
		04F03894273C373B00E90CBC /* Main.storyboard */ = {
			isa = PBXVariantGroup;
			children = (
				04F03895273C373B00E90CBC /* Base */,
			);
			name = Main.storyboard;
			sourceTree = "<group>";
		};
		04F03899273C373E00E90CBC /* LaunchScreen.storyboard */ = {
			isa = PBXVariantGroup;
			children = (
				04F0389A273C373E00E90CBC /* Base */,
			);
			name = LaunchScreen.storyboard;
			sourceTree = "<group>";
		};
/* End PBXVariantGroup section */

/* Begin XCBuildConfiguration section */
		04F0389D273C373E00E90CBC /* Debug */ = {
			isa = XCBuildConfiguration;
			buildSettings = {
				ALWAYS_SEARCH_USER_PATHS = NO;
				CLANG_ANALYZER_NONNULL = YES;
				CLANG_ANALYZER_NUMBER_OBJECT_CONVERSION = YES_AGGRESSIVE;
				CLANG_CXX_LANGUAGE_STANDARD = "gnu++14";
				CLANG_CXX_LIBRARY = "libc++";
				CLANG_ENABLE_MODULES = YES;
				CLANG_ENABLE_OBJC_ARC = YES;
				CLANG_ENABLE_OBJC_WEAK = YES;
				CLANG_WARN_BLOCK_CAPTURE_AUTORELEASING = YES;
				CLANG_WARN_BOOL_CONVERSION = YES;
				CLANG_WARN_COMMA = YES;
				CLANG_WARN_CONSTANT_CONVERSION = YES;
				CLANG_WARN_DEPRECATED_OBJC_IMPLEMENTATIONS = YES;
				CLANG_WARN_DIRECT_OBJC_ISA_USAGE = YES_ERROR;
				CLANG_WARN_DOCUMENTATION_COMMENTS = YES;
				CLANG_WARN_EMPTY_BODY = YES;
				CLANG_WARN_ENUM_CONVERSION = YES;
				CLANG_WARN_INFINITE_RECURSION = YES;
				CLANG_WARN_INT_CONVERSION = YES;
				CLANG_WARN_NON_LITERAL_NULL_CONVERSION = YES;
				CLANG_WARN_OBJC_IMPLICIT_RETAIN_SELF = YES;
				CLANG_WARN_OBJC_LITERAL_CONVERSION = YES;
				CLANG_WARN_OBJC_ROOT_CLASS = YES_ERROR;
				CLANG_WARN_QUOTED_INCLUDE_IN_FRAMEWORK_HEADER = YES;
				CLANG_WARN_RANGE_LOOP_ANALYSIS = YES;
				CLANG_WARN_STRICT_PROTOTYPES = YES;
				CLANG_WARN_SUSPICIOUS_MOVE = YES;
				CLANG_WARN_UNGUARDED_AVAILABILITY = YES_AGGRESSIVE;
				CLANG_WARN_UNREACHABLE_CODE = YES;
				CLANG_WARN__DUPLICATE_METHOD_MATCH = YES;
				COPY_PHASE_STRIP = NO;
				DEBUG_INFORMATION_FORMAT = dwarf;
				ENABLE_STRICT_OBJC_MSGSEND = YES;
				ENABLE_TESTABILITY = YES;
				GCC_C_LANGUAGE_STANDARD = gnu11;
				GCC_DYNAMIC_NO_PIC = NO;
				GCC_NO_COMMON_BLOCKS = YES;
				GCC_OPTIMIZATION_LEVEL = 0;
				GCC_PREPROCESSOR_DEFINITIONS = (
					"DEBUG=1",
					"$(inherited)",
				);
				GCC_WARN_64_TO_32_BIT_CONVERSION = YES;
				GCC_WARN_ABOUT_RETURN_TYPE = YES_ERROR;
				GCC_WARN_UNDECLARED_SELECTOR = YES;
				GCC_WARN_UNINITIALIZED_AUTOS = YES_AGGRESSIVE;
				GCC_WARN_UNUSED_FUNCTION = YES;
				GCC_WARN_UNUSED_VARIABLE = YES;
				IPHONEOS_DEPLOYMENT_TARGET = 14.5;
				MTL_ENABLE_DEBUG_INFO = INCLUDE_SOURCE;
				MTL_FAST_MATH = YES;
				ONLY_ACTIVE_ARCH = YES;
				SDKROOT = iphoneos;
				SWIFT_ACTIVE_COMPILATION_CONDITIONS = DEBUG;
				SWIFT_OPTIMIZATION_LEVEL = "-Onone";
			};
			name = Debug;
		};
		04F0389E273C373E00E90CBC /* Release */ = {
			isa = XCBuildConfiguration;
			buildSettings = {
				ALWAYS_SEARCH_USER_PATHS = NO;
				CLANG_ANALYZER_NONNULL = YES;
				CLANG_ANALYZER_NUMBER_OBJECT_CONVERSION = YES_AGGRESSIVE;
				CLANG_CXX_LANGUAGE_STANDARD = "gnu++14";
				CLANG_CXX_LIBRARY = "libc++";
				CLANG_ENABLE_MODULES = YES;
				CLANG_ENABLE_OBJC_ARC = YES;
				CLANG_ENABLE_OBJC_WEAK = YES;
				CLANG_WARN_BLOCK_CAPTURE_AUTORELEASING = YES;
				CLANG_WARN_BOOL_CONVERSION = YES;
				CLANG_WARN_COMMA = YES;
				CLANG_WARN_CONSTANT_CONVERSION = YES;
				CLANG_WARN_DEPRECATED_OBJC_IMPLEMENTATIONS = YES;
				CLANG_WARN_DIRECT_OBJC_ISA_USAGE = YES_ERROR;
				CLANG_WARN_DOCUMENTATION_COMMENTS = YES;
				CLANG_WARN_EMPTY_BODY = YES;
				CLANG_WARN_ENUM_CONVERSION = YES;
				CLANG_WARN_INFINITE_RECURSION = YES;
				CLANG_WARN_INT_CONVERSION = YES;
				CLANG_WARN_NON_LITERAL_NULL_CONVERSION = YES;
				CLANG_WARN_OBJC_IMPLICIT_RETAIN_SELF = YES;
				CLANG_WARN_OBJC_LITERAL_CONVERSION = YES;
				CLANG_WARN_OBJC_ROOT_CLASS = YES_ERROR;
				CLANG_WARN_QUOTED_INCLUDE_IN_FRAMEWORK_HEADER = YES;
				CLANG_WARN_RANGE_LOOP_ANALYSIS = YES;
				CLANG_WARN_STRICT_PROTOTYPES = YES;
				CLANG_WARN_SUSPICIOUS_MOVE = YES;
				CLANG_WARN_UNGUARDED_AVAILABILITY = YES_AGGRESSIVE;
				CLANG_WARN_UNREACHABLE_CODE = YES;
				CLANG_WARN__DUPLICATE_METHOD_MATCH = YES;
				COPY_PHASE_STRIP = NO;
				DEBUG_INFORMATION_FORMAT = "dwarf-with-dsym";
				ENABLE_NS_ASSERTIONS = NO;
				ENABLE_STRICT_OBJC_MSGSEND = YES;
				GCC_C_LANGUAGE_STANDARD = gnu11;
				GCC_NO_COMMON_BLOCKS = YES;
				GCC_WARN_64_TO_32_BIT_CONVERSION = YES;
				GCC_WARN_ABOUT_RETURN_TYPE = YES_ERROR;
				GCC_WARN_UNDECLARED_SELECTOR = YES;
				GCC_WARN_UNINITIALIZED_AUTOS = YES_AGGRESSIVE;
				GCC_WARN_UNUSED_FUNCTION = YES;
				GCC_WARN_UNUSED_VARIABLE = YES;
				IPHONEOS_DEPLOYMENT_TARGET = 14.5;
				MTL_ENABLE_DEBUG_INFO = NO;
				MTL_FAST_MATH = YES;
				SDKROOT = iphoneos;
				SWIFT_COMPILATION_MODE = wholemodule;
				SWIFT_OPTIMIZATION_LEVEL = "-O";
				VALIDATE_PRODUCT = YES;
			};
			name = Release;
		};
		04F038A0273C373E00E90CBC /* Debug */ = {
			isa = XCBuildConfiguration;
			buildSettings = {
				ASSETCATALOG_COMPILER_APPICON_NAME = AppIcon;
				ASSETCATALOG_COMPILER_GLOBAL_ACCENT_COLOR_NAME = AccentColor;
				CODE_SIGN_STYLE = Automatic;
				DEVELOPMENT_TEAM = "";
				INFOPLIST_FILE = Ornament/Info.plist;
				LD_RUNPATH_SEARCH_PATHS = (
					"$(inherited)",
					"@executable_path/Frameworks",
				);
				PRODUCT_BUNDLE_IDENTIFIER = ios.Ornament;
				PRODUCT_NAME = "$(TARGET_NAME)";
				SWIFT_VERSION = 5.0;
				TARGETED_DEVICE_FAMILY = 1;
			};
			name = Debug;
		};
		04F038A1273C373E00E90CBC /* Release */ = {
			isa = XCBuildConfiguration;
			buildSettings = {
				ASSETCATALOG_COMPILER_APPICON_NAME = AppIcon;
				ASSETCATALOG_COMPILER_GLOBAL_ACCENT_COLOR_NAME = AccentColor;
				CODE_SIGN_STYLE = Automatic;
				DEVELOPMENT_TEAM = "";
				INFOPLIST_FILE = Ornament/Info.plist;
				LD_RUNPATH_SEARCH_PATHS = (
					"$(inherited)",
					"@executable_path/Frameworks",
				);
				PRODUCT_BUNDLE_IDENTIFIER = ios.Ornament;
				PRODUCT_NAME = "$(TARGET_NAME)";
				SWIFT_VERSION = 5.0;
				TARGETED_DEVICE_FAMILY = 1;
			};
			name = Release;
		};
/* End XCBuildConfiguration section */

/* Begin XCConfigurationList section */
		04F03886273C373B00E90CBC /* Build configuration list for PBXProject "Ornament" */ = {
			isa = XCConfigurationList;
			buildConfigurations = (
				04F0389D273C373E00E90CBC /* Debug */,
				04F0389E273C373E00E90CBC /* Release */,
			);
			defaultConfigurationIsVisible = 0;
			defaultConfigurationName = Release;
		};
		04F0389F273C373E00E90CBC /* Build configuration list for PBXNativeTarget "Ornament" */ = {
			isa = XCConfigurationList;
			buildConfigurations = (
				04F038A0273C373E00E90CBC /* Debug */,
				04F038A1273C373E00E90CBC /* Release */,
			);
			defaultConfigurationIsVisible = 0;
			defaultConfigurationName = Release;
		};
/* End XCConfigurationList section */
	};
	rootObject = 04F03883273C373B00E90CBC /* Project object */;
}
